# THIS IS AN AUTOGENERATED FILE. DO NOT EDIT THIS FILE DIRECTLY.
# yarn lockfile v1


async@^3.0.0:
  version "3.0.0"
  resolved "https://registry.yarnpkg.com/async/-/async-3.0.0.tgz#4c959b37d8c477dc189f2efb9340847f7ad7f785"
  integrity sha512-LNZ6JSpKraIia6VZKKbKxmX6nWIdfsG7WqrOvKpCuDjH7BnGyQRFMTSXEe8to2WF/rqoAKgZvj+L5nnxe0suAg==

denque@^1.2.3:
  version "1.4.1"
  resolved "https://registry.yarnpkg.com/denque/-/denque-1.4.1.tgz#6744ff7641c148c3f8a69c307e51235c1f4a37cf"
  integrity sha512-OfzPuSZKGcgr96rf1oODnfjqBFmr1DVoc/TrItj3Ohe0Ah1C5WX5Baquw/9U9KovnQ88EqmJbD66rKYUQYN1tQ==

javascript-state-machine@^3.1.0:
  version "3.1.0"
  resolved "https://registry.yarnpkg.com/javascript-state-machine/-/javascript-state-machine-3.1.0.tgz#06eeb2136a6a19ae1b56105c25caec283dd5cd14"
  integrity sha512-BwhYxQ1OPenBPXC735RgfB+ZUG8H3kjsx8hrYTgWnoy6TPipEy4fiicyhT2lxRKAXq9pG7CfFT8a2HLr6Hmwxg==

nact@^7.2.1:
  version "7.2.1"
  resolved "https://registry.yarnpkg.com/nact/-/nact-7.2.1.tgz#84d9abc05c6087db92145b286497dadb3d075b05"
  integrity sha512-wgAjVMg5KYMlEC/xyOuWq16kOIC9CGevIIQ7Kdjen4WSOaSuFYkjsoJ/CShmGNCtvYkH3vxWO3iCKQDQC8lgWg==
  dependencies:
    denque "^1.2.3"

readline@^1.3.0:
  version "1.3.0"
  resolved "https://registry.yarnpkg.com/readline/-/readline-1.3.0.tgz#c580d77ef2cfc8752b132498060dc9793a7ac01c"
  integrity sha1-xYDXfvLPyHUrEySYBg3JeTp6wBw=
